
Microsoft Visual Studio Solution File, Format Version 12.00
# Visual Studio 15
VisualStudioVersion = 15.0.26430.12
MinimumVisualStudioVersion = 10.0.40219.1
Project("{FAE04EC0-301F-11D3-BF4B-00C04F79EFBC}") = "TasksManager", "TasksManager\TasksManager.csproj", "{49D5894B-2896-4BD7-B716-2A60518CE5BD}"
EndProject
Project("{FAE04EC0-301F-11D3-BF4B-00C04F79EFBC}") = "TasksManager.Entities", "TasksManager.Entities\TasksManager.Entities.csproj", "{DEF39871-3554-4E46-976C-41751555F0D9}"
EndProject
Project("{FAE04EC0-301F-11D3-BF4B-00C04F79EFBC}") = "TasksManager.Db", "TasksManager.Db\TasksManager.Db.csproj", "{E851138F-C73D-4BAE-BC70-D772FB6EE3C5}"
EndProject
Project("{FAE04EC0-301F-11D3-BF4B-00C04F79EFBC}") = "TasksManager.DataAccess", "TasksManager.DataAccess\TasksManager.DataAccess.csproj", "{A6518ECE-10F9-487A-B98A-CE9B70A4E355}"
EndProject
Project("{FAE04EC0-301F-11D3-BF4B-00C04F79EFBC}") = "TasksManager.ViewModel", "TasksManager.ViewModel\TasksManager.ViewModel.csproj", "{23022B74-5852-4BBC-91FD-95044F734DB1}"
EndProject
Project("{FAE04EC0-301F-11D3-BF4B-00C04F79EFBC}") = "TasksManager.DataAccess.DbImplementation", "TasksManager.DataAccess.DbImplementation\TasksManager.DataAccess.DbImplementation.csproj", "{53F11DD2-F45B-4DF5-AEA3-5B3D172891D4}"
EndProject
Global
	GlobalSection(SolutionConfigurationPlatforms) = preSolution
		Debug|Any CPU = Debug|Any CPU
		Release|Any CPU = Release|Any CPU
	EndGlobalSection
	GlobalSection(ProjectConfigurationPlatforms) = postSolution
		{49D5894B-2896-4BD7-B716-2A60518CE5BD}.Debug|Any CPU.ActiveCfg = Debug|Any CPU
		{49D5894B-2896-4BD7-B716-2A60518CE5BD}.Debug|Any CPU.Build.0 = Debug|Any CPU
		{49D5894B-2896-4BD7-B716-2A60518CE5BD}.Release|Any CPU.ActiveCfg = Release|Any CPU
		{49D5894B-2896-4BD7-B716-2A60518CE5BD}.Release|Any CPU.Build.0 = Release|Any CPU
		{DEF39871-3554-4E46-976C-41751555F0D9}.Debug|Any CPU.ActiveCfg = Debug|Any CPU
		{DEF39871-3554-4E46-976C-41751555F0D9}.Debug|Any CPU.Build.0 = Debug|Any CPU
		{DEF39871-3554-4E46-976C-41751555F0D9}.Release|Any CPU.ActiveCfg = Release|Any CPU
		{DEF39871-3554-4E46-976C-41751555F0D9}.Release|Any CPU.Build.0 = Release|Any CPU
		{E851138F-C73D-4BAE-BC70-D772FB6EE3C5}.Debug|Any CPU.ActiveCfg = Debug|Any CPU
		{E851138F-C73D-4BAE-BC70-D772FB6EE3C5}.Debug|Any CPU.Build.0 = Debug|Any CPU
		{E851138F-C73D-4BAE-BC70-D772FB6EE3C5}.Release|Any CPU.ActiveCfg = Release|Any CPU
		{E851138F-C73D-4BAE-BC70-D772FB6EE3C5}.Release|Any CPU.Build.0 = Release|Any CPU
		{A6518ECE-10F9-487A-B98A-CE9B70A4E355}.Debug|Any CPU.ActiveCfg = Debug|Any CPU
		{A6518ECE-10F9-487A-B98A-CE9B70A4E355}.Debug|Any CPU.Build.0 = Debug|Any CPU
		{A6518ECE-10F9-487A-B98A-CE9B70A4E355}.Release|Any CPU.ActiveCfg = Release|Any CPU
		{A6518ECE-10F9-487A-B98A-CE9B70A4E355}.Release|Any CPU.Build.0 = Release|Any CPU
		{23022B74-5852-4BBC-91FD-95044F734DB1}.Debug|Any CPU.ActiveCfg = Debug|Any CPU
		{23022B74-5852-4BBC-91FD-95044F734DB1}.Debug|Any CPU.Build.0 = Debug|Any CPU
		{23022B74-5852-4BBC-91FD-95044F734DB1}.Release|Any CPU.ActiveCfg = Release|Any CPU
		{23022B74-5852-4BBC-91FD-95044F734DB1}.Release|Any CPU.Build.0 = Release|Any CPU
		{53F11DD2-F45B-4DF5-AEA3-5B3D172891D4}.Debug|Any CPU.ActiveCfg = Debug|Any CPU
		{53F11DD2-F45B-4DF5-AEA3-5B3D172891D4}.Debug|Any CPU.Build.0 = Debug|Any CPU
		{53F11DD2-F45B-4DF5-AEA3-5B3D172891D4}.Release|Any CPU.ActiveCfg = Release|Any CPU
		{53F11DD2-F45B-4DF5-AEA3-5B3D172891D4}.Release|Any CPU.Build.0 = Release|Any CPU
	EndGlobalSection
	GlobalSection(SolutionProperties) = preSolution
		HideSolutionNode = FALSE
	EndGlobalSection
EndGlobal
